// !$*UTF8*$!
{
	archiveVersion = 1;
	classes = {
	};
	objectVersion = 50;
	objects = {

/* Begin PBXBuildFile section */
		E1DAD2E8236DAF240014FA12 /* AppDelegate.swift in Sources */ = {isa = PBXBuildFile; fileRef = E1DAD2E7236DAF240014FA12 /* AppDelegate.swift */; };
		E1DAD2EA236DAF240014FA12 /* ViewController.swift in Sources */ = {isa = PBXBuildFile; fileRef = E1DAD2E9236DAF240014FA12 /* ViewController.swift */; };
		E1DAD2EF236DAF260014FA12 /* Assets.xcassets in Resources */ = {isa = PBXBuildFile; fileRef = E1DAD2EE236DAF260014FA12 /* Assets.xcassets */; };
		E1DAD2F2236DAF260014FA12 /* LaunchScreen.storyboard in Resources */ = {isa = PBXBuildFile; fileRef = E1DAD2F0236DAF260014FA12 /* LaunchScreen.storyboard */; };
		E1DAD308236DAF640014FA12 /* AppModelTests.swift in Sources */ = {isa = PBXBuildFile; fileRef = E1DAD307236DAF640014FA12 /* AppModelTests.swift */; };
		E1DAD30B236DAF740014FA12 /* AppModel.swift in Sources */ = {isa = PBXBuildFile; fileRef = E1DAD309236DAF740014FA12 /* AppModel.swift */; };
		E1DAD30C236DAF740014FA12 /* AppState.swift in Sources */ = {isa = PBXBuildFile; fileRef = E1DAD30A236DAF740014FA12 /* AppState.swift */; };
/* End PBXBuildFile section */

/* Begin PBXContainerItemProxy section */
		E1DAD2F9236DAF260014FA12 /* PBXContainerItemProxy */ = {
			isa = PBXContainerItemProxy;
			containerPortal = E1DAD2DC236DAF240014FA12 /* Project object */;
			proxyType = 1;
			remoteGlobalIDString = E1DAD2E3236DAF240014FA12;
			remoteInfo = "Travis-CI";
		};
/* End PBXContainerItemProxy section */

/* Begin PBXFileReference section */
		E1DAD2E4236DAF240014FA12 /* Travis-CI.app */ = {isa = PBXFileReference; explicitFileType = wrapper.application; includeInIndex = 0; path = "Travis-CI.app"; sourceTree = BUILT_PRODUCTS_DIR; };
		E1DAD2E7236DAF240014FA12 /* AppDelegate.swift */ = {isa = PBXFileReference; lastKnownFileType = sourcecode.swift; path = AppDelegate.swift; sourceTree = "<group>"; };
		E1DAD2E9236DAF240014FA12 /* ViewController.swift */ = {isa = PBXFileReference; lastKnownFileType = sourcecode.swift; path = ViewController.swift; sourceTree = "<group>"; };
		E1DAD2EE236DAF260014FA12 /* Assets.xcassets */ = {isa = PBXFileReference; lastKnownFileType = folder.assetcatalog; path = Assets.xcassets; sourceTree = "<group>"; };
		E1DAD2F1236DAF260014FA12 /* Base */ = {isa = PBXFileReference; lastKnownFileType = file.storyboard; name = Base; path = Base.lproj/LaunchScreen.storyboard; sourceTree = "<group>"; };
		E1DAD2F3236DAF260014FA12 /* Info.plist */ = {isa = PBXFileReference; lastKnownFileType = text.plist.xml; path = Info.plist; sourceTree = "<group>"; };
		E1DAD2F8236DAF260014FA12 /* Travis-CITests.xctest */ = {isa = PBXFileReference; explicitFileType = wrapper.cfbundle; includeInIndex = 0; path = "Travis-CITests.xctest"; sourceTree = BUILT_PRODUCTS_DIR; };
		E1DAD2FE236DAF260014FA12 /* Info.plist */ = {isa = PBXFileReference; lastKnownFileType = text.plist.xml; path = Info.plist; sourceTree = "<group>"; };
		E1DAD307236DAF640014FA12 /* AppModelTests.swift */ = {isa = PBXFileReference; fileEncoding = 4; lastKnownFileType = sourcecode.swift; path = AppModelTests.swift; sourceTree = "<group>"; };
		E1DAD309236DAF740014FA12 /* AppModel.swift */ = {isa = PBXFileReference; fileEncoding = 4; lastKnownFileType = sourcecode.swift; path = AppModel.swift; sourceTree = "<group>"; };
		E1DAD30A236DAF740014FA12 /* AppState.swift */ = {isa = PBXFileReference; fileEncoding = 4; lastKnownFileType = sourcecode.swift; path = AppState.swift; sourceTree = "<group>"; };
/* End PBXFileReference section */

/* Begin PBXFrameworksBuildPhase section */
		E1DAD2E1236DAF240014FA12 /* Frameworks */ = {
			isa = PBXFrameworksBuildPhase;
			buildActionMask = 2147483647;
			files = (
			);
			runOnlyForDeploymentPostprocessing = 0;
		};
		E1DAD2F5236DAF260014FA12 /* Frameworks */ = {
			isa = PBXFrameworksBuildPhase;
			buildActionMask = 2147483647;
			files = (
			);
			runOnlyForDeploymentPostprocessing = 0;
		};
/* End PBXFrameworksBuildPhase section */

/* Begin PBXGroup section */
		E1DAD2DB236DAF240014FA12 = {
			isa = PBXGroup;
			children = (
				E1DAD2E6236DAF240014FA12 /* Travis-CI */,
				E1DAD2FB236DAF260014FA12 /* Travis-CITests */,
				E1DAD2E5236DAF240014FA12 /* Products */,
			);
			sourceTree = "<group>";
		};
		E1DAD2E5236DAF240014FA12 /* Products */ = {
			isa = PBXGroup;
			children = (
				E1DAD2E4236DAF240014FA12 /* Travis-CI.app */,
				E1DAD2F8236DAF260014FA12 /* Travis-CITests.xctest */,
			);
			name = Products;
			sourceTree = "<group>";
		};
		E1DAD2E6236DAF240014FA12 /* Travis-CI */ = {
			isa = PBXGroup;
			children = (
				E1DAD2E7236DAF240014FA12 /* AppDelegate.swift */,
				E1DAD2E9236DAF240014FA12 /* ViewController.swift */,
				E1DAD30D236DAF960014FA12 /* App Model */,
				E1DAD2EE236DAF260014FA12 /* Assets.xcassets */,
				E1DAD2F0236DAF260014FA12 /* LaunchScreen.storyboard */,
				E1DAD2F3236DAF260014FA12 /* Info.plist */,
			);
			path = "Travis-CI";
			sourceTree = "<group>";
		};
		E1DAD2FB236DAF260014FA12 /* Travis-CITests */ = {
			isa = PBXGroup;
			children = (
				E1DAD307236DAF640014FA12 /* AppModelTests.swift */,
				E1DAD2FE236DAF260014FA12 /* Info.plist */,
			);
			path = "Travis-CITests";
			sourceTree = "<group>";
		};
		E1DAD30D236DAF960014FA12 /* App Model */ = {
			isa = PBXGroup;
			children = (
				E1DAD309236DAF740014FA12 /* AppModel.swift */,
				E1DAD30A236DAF740014FA12 /* AppState.swift */,
			);
			path = "App Model";
			sourceTree = "<group>";
		};
/* End PBXGroup section */

/* Begin PBXNativeTarget section */
		E1DAD2E3236DAF240014FA12 /* Travis-CI */ = {
			isa = PBXNativeTarget;
			buildConfigurationList = E1DAD301236DAF260014FA12 /* Build configuration list for PBXNativeTarget "Travis-CI" */;
			buildPhases = (
				E1DAD2E0236DAF240014FA12 /* Sources */,
				E1DAD2E1236DAF240014FA12 /* Frameworks */,
				E1DAD2E2236DAF240014FA12 /* Resources */,
			);
			buildRules = (
			);
			dependencies = (
			);
			name = "Travis-CI";
			productName = "Travis-CI";
			productReference = E1DAD2E4236DAF240014FA12 /* Travis-CI.app */;
			productType = "com.apple.product-type.application";
		};
		E1DAD2F7236DAF260014FA12 /* Travis-CITests */ = {
			isa = PBXNativeTarget;
			buildConfigurationList = E1DAD304236DAF260014FA12 /* Build configuration list for PBXNativeTarget "Travis-CITests" */;
			buildPhases = (
				E1DAD2F4236DAF260014FA12 /* Sources */,
				E1DAD2F5236DAF260014FA12 /* Frameworks */,
				E1DAD2F6236DAF260014FA12 /* Resources */,
			);
			buildRules = (
			);
			dependencies = (
				E1DAD2FA236DAF260014FA12 /* PBXTargetDependency */,
			);
			name = "Travis-CITests";
			productName = "Travis-CITests";
			productReference = E1DAD2F8236DAF260014FA12 /* Travis-CITests.xctest */;
			productType = "com.apple.product-type.bundle.unit-test";
		};
/* End PBXNativeTarget section */

/* Begin PBXProject section */
		E1DAD2DC236DAF240014FA12 /* Project object */ = {
			isa = PBXProject;
			attributes = {
				LastSwiftUpdateCheck = 1030;
				LastUpgradeCheck = 1030;
				ORGANIZATIONNAME = AkibMakesApps;
				TargetAttributes = {
					E1DAD2E3236DAF240014FA12 = {
						CreatedOnToolsVersion = 10.3;
					};
					E1DAD2F7236DAF260014FA12 = {
						CreatedOnToolsVersion = 10.3;
						TestTargetID = E1DAD2E3236DAF240014FA12;
					};
				};
			};
			buildConfigurationList = E1DAD2DF236DAF240014FA12 /* Build configuration list for PBXProject "Travis-CI" */;
			compatibilityVersion = "Xcode 9.3";
			developmentRegion = en;
			hasScannedForEncodings = 0;
			knownRegions = (
				en,
				Base,
			);
			mainGroup = E1DAD2DB236DAF240014FA12;
			productRefGroup = E1DAD2E5236DAF240014FA12 /* Products */;
			projectDirPath = "";
			projectRoot = "";
			targets = (
				E1DAD2E3236DAF240014FA12 /* Travis-CI */,
				E1DAD2F7236DAF260014FA12 /* Travis-CITests */,
			);
		};
/* End PBXProject section */

/* Begin PBXResourcesBuildPhase section */
		E1DAD2E2236DAF240014FA12 /* Resources */ = {
			isa = PBXResourcesBuildPhase;
			buildActionMask = 2147483647;
			files = (
				E1DAD2F2236DAF260014FA12 /* LaunchScreen.storyboard in Resources */,
				E1DAD2EF236DAF260014FA12 /* Assets.xcassets in Resources */,
			);
			runOnlyForDeploymentPostprocessing = 0;
		};
		E1DAD2F6236DAF260014FA12 /* Resources */ = {
			isa = PBXResourcesBuildPhase;
			buildActionMask = 2147483647;
			files = (
			);
			runOnlyForDeploymentPostprocessing = 0;
		};
/* End PBXResourcesBuildPhase section */

/* Begin PBXSourcesBuildPhase section */
		E1DAD2E0236DAF240014FA12 /* Sources */ = {
			isa = PBXSourcesBuildPhase;
			buildActionMask = 2147483647;
			files = (
				E1DAD2EA236DAF240014FA12 /* ViewController.swift in Sources */,
				E1DAD30B236DAF740014FA12 /* AppModel.swift in Sources */,
				E1DAD2E8236DAF240014FA12 /* AppDelegate.swift in Sources */,
				E1DAD30C236DAF740014FA12 /* AppState.swift in Sources */,
			);
			runOnlyForDeploymentPostprocessing = 0;
		};
		E1DAD2F4236DAF260014FA12 /* Sources */ = {
			isa = PBXSourcesBuildPhase;
			buildActionMask = 2147483647;
			files = (
				E1DAD308236DAF640014FA12 /* AppModelTests.swift in Sources */,
			);
			runOnlyForDeploymentPostprocessing = 0;
		};
/* End PBXSourcesBuildPhase section */

/* Begin PBXTargetDependency section */
		E1DAD2FA236DAF260014FA12 /* PBXTargetDependency */ = {
			isa = PBXTargetDependency;
			target = E1DAD2E3236DAF240014FA12 /* Travis-CI */;
			targetProxy = E1DAD2F9236DAF260014FA12 /* PBXContainerItemProxy */;
		};
/* End PBXTargetDependency section */

/* Begin PBXVariantGroup section */
		E1DAD2F0236DAF260014FA12 /* LaunchScreen.storyboard */ = {
			isa = PBXVariantGroup;
			children = (
				E1DAD2F1236DAF260014FA12 /* Base */,
			);
			name = LaunchScreen.storyboard;
			sourceTree = "<group>";
		};
/* End PBXVariantGroup section */

/* Begin XCBuildConfiguration section */
		E1DAD2FF236DAF260014FA12 /* Debug */ = {
			isa = XCBuildConfiguration;
			buildSettings = {
				ALWAYS_SEARCH_USER_PATHS = NO;
				CLANG_ANALYZER_NONNULL = YES;
				CLANG_ANALYZER_NUMBER_OBJECT_CONVERSION = YES_AGGRESSIVE;
				CLANG_CXX_LANGUAGE_STANDARD = "gnu++14";
				CLANG_CXX_LIBRARY = "libc++";
				CLANG_ENABLE_MODULES = YES;
				CLANG_ENABLE_OBJC_ARC = YES;
				CLANG_ENABLE_OBJC_WEAK = YES;
				CLANG_WARN_BLOCK_CAPTURE_AUTORELEASING = YES;
				CLANG_WARN_BOOL_CONVERSION = YES;
				CLANG_WARN_COMMA = YES;
				CLANG_WARN_CONSTANT_CONVERSION = YES;
				CLANG_WARN_DEPRECATED_OBJC_IMPLEMENTATIONS = YES;
				CLANG_WARN_DIRECT_OBJC_ISA_USAGE = YES_ERROR;
				CLANG_WARN_DOCUMENTATION_COMMENTS = YES;
				CLANG_WARN_EMPTY_BODY = YES;
				CLANG_WARN_ENUM_CONVERSION = YES;
				CLANG_WARN_INFINITE_RECURSION = YES;
				CLANG_WARN_INT_CONVERSION = YES;
				CLANG_WARN_NON_LITERAL_NULL_CONVERSION = YES;
				CLANG_WARN_OBJC_IMPLICIT_RETAIN_SELF = YES;
				CLANG_WARN_OBJC_LITERAL_CONVERSION = YES;
				CLANG_WARN_OBJC_ROOT_CLASS = YES_ERROR;
				CLANG_WARN_RANGE_LOOP_ANALYSIS = YES;
				CLANG_WARN_STRICT_PROTOTYPES = YES;
				CLANG_WARN_SUSPICIOUS_MOVE = YES;
				CLANG_WARN_UNGUARDED_AVAILABILITY = YES_AGGRESSIVE;
				CLANG_WARN_UNREACHABLE_CODE = YES;
				CLANG_WARN__DUPLICATE_METHOD_MATCH = YES;
				CODE_SIGN_IDENTITY = "iPhone Developer";
				COPY_PHASE_STRIP = NO;
				DEBUG_INFORMATION_FORMAT = dwarf;
				ENABLE_STRICT_OBJC_MSGSEND = YES;
				ENABLE_TESTABILITY = YES;
				GCC_C_LANGUAGE_STANDARD = gnu11;
				GCC_DYNAMIC_NO_PIC = NO;
				GCC_NO_COMMON_BLOCKS = YES;
				GCC_OPTIMIZATION_LEVEL = 0;
				GCC_PREPROCESSOR_DEFINITIONS = (
					"DEBUG=1",
					"$(inherited)",
				);
				GCC_WARN_64_TO_32_BIT_CONVERSION = YES;
				GCC_WARN_ABOUT_RETURN_TYPE = YES_ERROR;
				GCC_WARN_UNDECLARED_SELECTOR = YES;
				GCC_WARN_UNINITIALIZED_AUTOS = YES_AGGRESSIVE;
				GCC_WARN_UNUSED_FUNCTION = YES;
				GCC_WARN_UNUSED_VARIABLE = YES;
				IPHONEOS_DEPLOYMENT_TARGET = 12.4;
				MTL_ENABLE_DEBUG_INFO = INCLUDE_SOURCE;
				MTL_FAST_MATH = YES;
				ONLY_ACTIVE_ARCH = YES;
				SDKROOT = iphoneos;
				SWIFT_ACTIVE_COMPILATION_CONDITIONS = DEBUG;
				SWIFT_OPTIMIZATION_LEVEL = "-Onone";
			};
			name = Debug;
		};
		E1DAD300236DAF260014FA12 /* Release */ = {
			isa = XCBuildConfiguration;
			buildSettings = {
				ALWAYS_SEARCH_USER_PATHS = NO;
				CLANG_ANALYZER_NONNULL = YES;
				CLANG_ANALYZER_NUMBER_OBJECT_CONVERSION = YES_AGGRESSIVE;
				CLANG_CXX_LANGUAGE_STANDARD = "gnu++14";
				CLANG_CXX_LIBRARY = "libc++";
				CLANG_ENABLE_MODULES = YES;
				CLANG_ENABLE_OBJC_ARC = YES;
				CLANG_ENABLE_OBJC_WEAK = YES;
				CLANG_WARN_BLOCK_CAPTURE_AUTORELEASING = YES;
				CLANG_WARN_BOOL_CONVERSION = YES;
				CLANG_WARN_COMMA = YES;
				CLANG_WARN_CONSTANT_CONVERSION = YES;
				CLANG_WARN_DEPRECATED_OBJC_IMPLEMENTATIONS = YES;
				CLANG_WARN_DIRECT_OBJC_ISA_USAGE = YES_ERROR;
				CLANG_WARN_DOCUMENTATION_COMMENTS = YES;
				CLANG_WARN_EMPTY_BODY = YES;
				CLANG_WARN_ENUM_CONVERSION = YES;
				CLANG_WARN_INFINITE_RECURSION = YES;
				CLANG_WARN_INT_CONVERSION = YES;
				CLANG_WARN_NON_LITERAL_NULL_CONVERSION = YES;
				CLANG_WARN_OBJC_IMPLICIT_RETAIN_SELF = YES;
				CLANG_WARN_OBJC_LITERAL_CONVERSION = YES;
				CLANG_WARN_OBJC_ROOT_CLASS = YES_ERROR;
				CLANG_WARN_RANGE_LOOP_ANALYSIS = YES;
				CLANG_WARN_STRICT_PROTOTYPES = YES;
				CLANG_WARN_SUSPICIOUS_MOVE = YES;
				CLANG_WARN_UNGUARDED_AVAILABILITY = YES_AGGRESSIVE;
				CLANG_WARN_UNREACHABLE_CODE = YES;
				CLANG_WARN__DUPLICATE_METHOD_MATCH = YES;
				CODE_SIGN_IDENTITY = "iPhone Developer";
				COPY_PHASE_STRIP = NO;
				DEBUG_INFORMATION_FORMAT = "dwarf-with-dsym";
				ENABLE_NS_ASSERTIONS = NO;
				ENABLE_STRICT_OBJC_MSGSEND = YES;
				GCC_C_LANGUAGE_STANDARD = gnu11;
				GCC_NO_COMMON_BLOCKS = YES;
				GCC_WARN_64_TO_32_BIT_CONVERSION = YES;
				GCC_WARN_ABOUT_RETURN_TYPE = YES_ERROR;
				GCC_WARN_UNDECLARED_SELECTOR = YES;
				GCC_WARN_UNINITIALIZED_AUTOS = YES_AGGRESSIVE;
				GCC_WARN_UNUSED_FUNCTION = YES;
				GCC_WARN_UNUSED_VARIABLE = YES;
				IPHONEOS_DEPLOYMENT_TARGET = 12.4;
				MTL_ENABLE_DEBUG_INFO = NO;
				MTL_FAST_MATH = YES;
				SDKROOT = iphoneos;
				SWIFT_COMPILATION_MODE = wholemodule;
				SWIFT_OPTIMIZATION_LEVEL = "-O";
				VALIDATE_PRODUCT = YES;
			};
			name = Release;
		};
		E1DAD302236DAF260014FA12 /* Debug */ = {
			isa = XCBuildConfiguration;
			buildSettings = {
				ASSETCATALOG_COMPILER_APPICON_NAME = AppIcon;
				CODE_SIGN_STYLE = Automatic;
				DEVELOPMENT_TEAM = 5UT2MG9LM9;
				INFOPLIST_FILE = "Travis-CI/Info.plist";
				IPHONEOS_DEPLOYMENT_TARGET = 11.0;
				LD_RUNPATH_SEARCH_PATHS = (
					"$(inherited)",
					"@executable_path/Frameworks",
				);
				PRODUCT_BUNDLE_IDENTIFIER = "uk.co.akibmakesapps.Travis-CI";
				PRODUCT_NAME = "$(TARGET_NAME)";
				SWIFT_VERSION = 5.0;
				TARGETED_DEVICE_FAMILY = "1,2";
			};
			name = Debug;
		};
		E1DAD303236DAF260014FA12 /* Release */ = {
			isa = XCBuildConfiguration;
			buildSettings = {
				ASSETCATALOG_COMPILER_APPICON_NAME = AppIcon;
				CODE_SIGN_STYLE = Automatic;
				DEVELOPMENT_TEAM = 5UT2MG9LM9;
				INFOPLIST_FILE = "Travis-CI/Info.plist";
				IPHONEOS_DEPLOYMENT_TARGET = 11.0;
				LD_RUNPATH_SEARCH_PATHS = (
					"$(inherited)",
					"@executable_path/Frameworks",
				);
				PRODUCT_BUNDLE_IDENTIFIER = "uk.co.akibmakesapps.Travis-CI";
				PRODUCT_NAME = "$(TARGET_NAME)";
				SWIFT_VERSION = 5.0;
				TARGETED_DEVICE_FAMILY = "1,2";
			};
			name = Release;
		};
		E1DAD305236DAF260014FA12 /* Debug */ = {
			isa = XCBuildConfiguration;
			buildSettings = {
				ALWAYS_EMBED_SWIFT_STANDARD_LIBRARIES = YES;
				BUNDLE_LOADER = "$(TEST_HOST)";
				CODE_SIGN_STYLE = Automatic;
				DEVELOPMENT_TEAM = 5UT2MG9LM9;
				INFOPLIST_FILE = "Travis-CITests/Info.plist";
				LD_RUNPATH_SEARCH_PATHS = (
					"$(inherited)",
					"@executable_path/Frameworks",
					"@loader_path/Frameworks",
				);
				PRODUCT_BUNDLE_IDENTIFIER = "uk.co.akibmakesapps.Travis-CITests";
				PRODUCT_NAME = "$(TARGET_NAME)";
				SWIFT_VERSION = 5.0;
				TARGETED_DEVICE_FAMILY = "1,2";
				TEST_HOST = "$(BUILT_PRODUCTS_DIR)/Travis-CI.app/Travis-CI";
			};
			name = Debug;
		};
		E1DAD306236DAF260014FA12 /* Release */ = {
			isa = XCBuildConfiguration;
			buildSettings = {
				ALWAYS_EMBED_SWIFT_STANDARD_LIBRARIES = YES;
				BUNDLE_LOADER = "$(TEST_HOST)";
				CODE_SIGN_STYLE = Automatic;
				DEVELOPMENT_TEAM = 5UT2MG9LM9;
				INFOPLIST_FILE = "Travis-CITests/Info.plist";
				LD_RUNPATH_SEARCH_PATHS = (
					"$(inherited)",
					"@executable_path/Frameworks",
					"@loader_path/Frameworks",
				);
				PRODUCT_BUNDLE_IDENTIFIER = "uk.co.akibmakesapps.Travis-CITests";
				PRODUCT_NAME = "$(TARGET_NAME)";
				SWIFT_VERSION = 5.0;
				TARGETED_DEVICE_FAMILY = "1,2";
				TEST_HOST = "$(BUILT_PRODUCTS_DIR)/Travis-CI.app/Travis-CI";
			};
			name = Release;
		};
/* End XCBuildConfiguration section */

/* Begin XCConfigurationList section */
		E1DAD2DF236DAF240014FA12 /* Build configuration list for PBXProject "Travis-CI" */ = {
			isa = XCConfigurationList;
			buildConfigurations = (
				E1DAD2FF236DAF260014FA12 /* Debug */,
				E1DAD300236DAF260014FA12 /* Release */,
			);
			defaultConfigurationIsVisible = 0;
			defaultConfigurationName = Release;
		};
		E1DAD301236DAF260014FA12 /* Build configuration list for PBXNativeTarget "Travis-CI" */ = {
			isa = XCConfigurationList;
			buildConfigurations = (
				E1DAD302236DAF260014FA12 /* Debug */,
				E1DAD303236DAF260014FA12 /* Release */,
			);
			defaultConfigurationIsVisible = 0;
			defaultConfigurationName = Release;
		};
		E1DAD304236DAF260014FA12 /* Build configuration list for PBXNativeTarget "Travis-CITests" */ = {
			isa = XCConfigurationList;
			buildConfigurations = (
				E1DAD305236DAF260014FA12 /* Debug */,
				E1DAD306236DAF260014FA12 /* Release */,
			);
			defaultConfigurationIsVisible = 0;
			defaultConfigurationName = Release;
		};
/* End XCConfigurationList section */
	};
	rootObject = E1DAD2DC236DAF240014FA12 /* Project object */;
}
